PODS:
  - Queuer (2.1.0)
  - SwiftProtobuf (1.5.0)

DEPENDENCIES:
  - Queuer
  - SwiftProtobuf (~> 1.0)

SPEC REPOS:
  https://github.com/cocoapods/specs.git:
    - Queuer
    - SwiftProtobuf

SPEC CHECKSUMS:
  Queuer: db8c76d75902504f0b4c460b641ef6455551330d
  SwiftProtobuf: 241400280f912735c1e1b9fe675fdd2c6c4d42e2

PODFILE CHECKSUM: a97957335716c3e413bcd2f5c1396490849191eb

COCOAPODS: 1.7.0.beta.3
