// !$*UTF8*$!
{
	archiveVersion = 1;
	classes = {
	};
	objectVersion = 50;
	objects = {

/* Begin PBXBuildFile section */
		4CD569AA224A06130060EB36 /* CSBaseViewModel.swift in Sources */ = {isa = PBXBuildFile; fileRef = 5BE0798B2249CBE100116A00 /* CSBaseViewModel.swift */; };
		4CD569AB224A06130060EB36 /* StringExtension.swift in Sources */ = {isa = PBXBuildFile; fileRef = 5B5E1CB12249E0BF00F59EA5 /* StringExtension.swift */; };
		4CD569AC224A06130060EB36 /* LoginModel.swift in Sources */ = {isa = PBXBuildFile; fileRef = 5BE0799B2249D70A00116A00 /* LoginModel.swift */; };
		4CD569AD224A06130060EB36 /* CSNavigationViewModel.swift in Sources */ = {isa = PBXBuildFile; fileRef = 5BE0798D2249CC4800116A00 /* CSNavigationViewModel.swift */; };
		4CD569AE224A06130060EB36 /* UIWindowExtension.swift in Sources */ = {isa = PBXBuildFile; fileRef = 5BE079942249D20400116A00 /* UIWindowExtension.swift */; };
		4CD569AF224A06130060EB36 /* CSBaseViewController.swift in Sources */ = {isa = PBXBuildFile; fileRef = 5BE079892249CB5400116A00 /* CSBaseViewController.swift */; };
		4CD569B0224A06130060EB36 /* CSTalkListViewModel.swift in Sources */ = {isa = PBXBuildFile; fileRef = 5B5E1CBA2249E2E000F59EA5 /* CSTalkListViewModel.swift */; };
		4CD569B1224A06130060EB36 /* CSConstant.swift in Sources */ = {isa = PBXBuildFile; fileRef = 5BE079972249D5E700116A00 /* CSConstant.swift */; };
		4CD569B2224A06130060EB36 /* CSUtils.swift in Sources */ = {isa = PBXBuildFile; fileRef = 5BE0799D2249D73B00116A00 /* CSUtils.swift */; };
		4CD569B3224A06130060EB36 /* UITableViewExtension.swift in Sources */ = {isa = PBXBuildFile; fileRef = 5B5E1CAF2249E04500F59EA5 /* UITableViewExtension.swift */; };
		4CD569B4224A06130060EB36 /* NSObjectExtention.swift in Sources */ = {isa = PBXBuildFile; fileRef = 5BE079A62249D9BD00116A00 /* NSObjectExtention.swift */; };
		4CD569B5224A06130060EB36 /* CSLoginViewController.swift in Sources */ = {isa = PBXBuildFile; fileRef = 5BE079A02249D83300116A00 /* CSLoginViewController.swift */; };
		4CD569B6224A06130060EB36 /* AppDelegate.swift in Sources */ = {isa = PBXBuildFile; fileRef = 5BE079502249C48500116A00 /* AppDelegate.swift */; };
		4CD569B7224A06130060EB36 /* APIRouter.swift in Sources */ = {isa = PBXBuildFile; fileRef = 5BE079992249D6CF00116A00 /* APIRouter.swift */; };
		4CD569B8224A06130060EB36 /* CSBaseViewControllerExtention.swift in Sources */ = {isa = PBXBuildFile; fileRef = 5BE0798F2249CF7C00116A00 /* CSBaseViewControllerExtention.swift */; };
		4CD569B9224A06130060EB36 /* CSEnum.swift in Sources */ = {isa = PBXBuildFile; fileRef = 5B5E1CB32249E20D00F59EA5 /* CSEnum.swift */; };
		4CD569BA224A06130060EB36 /* CSTalkListViewController.swift in Sources */ = {isa = PBXBuildFile; fileRef = 5B5E1CB62249E2BF00F59EA5 /* CSTalkListViewController.swift */; };
		4CD569BB224A06130060EB36 /* ChatSystem.xcdatamodeld in Sources */ = {isa = PBXBuildFile; fileRef = 5BE079572249C48500116A00 /* ChatSystem.xcdatamodeld */; };
		4CD569BC224A06130060EB36 /* CSConfig.swift in Sources */ = {isa = PBXBuildFile; fileRef = 5BE079922249D12D00116A00 /* CSConfig.swift */; };
		4CD569BD224A06130060EB36 /* CSLoginViewModel.swift in Sources */ = {isa = PBXBuildFile; fileRef = 5BE079A42249D8CC00116A00 /* CSLoginViewModel.swift */; };
		4CD569C0224A06130060EB36 /* CSLoginViewController.xib in Resources */ = {isa = PBXBuildFile; fileRef = 5BE079A12249D83300116A00 /* CSLoginViewController.xib */; };
		4CD569C1224A06130060EB36 /* LaunchScreen.storyboard in Resources */ = {isa = PBXBuildFile; fileRef = 5BE0795C2249C48600116A00 /* LaunchScreen.storyboard */; };
		4CD569C2224A06130060EB36 /* CSTalkListViewController.xib in Resources */ = {isa = PBXBuildFile; fileRef = 5B5E1CB72249E2BF00F59EA5 /* CSTalkListViewController.xib */; };
		4CD569C3224A06130060EB36 /* Assets.xcassets in Resources */ = {isa = PBXBuildFile; fileRef = 5BE0795A2249C48600116A00 /* Assets.xcassets */; };
		4CD569CB224A06170060EB36 /* CSBaseViewModel.swift in Sources */ = {isa = PBXBuildFile; fileRef = 5BE0798B2249CBE100116A00 /* CSBaseViewModel.swift */; };
		4CD569CC224A06170060EB36 /* StringExtension.swift in Sources */ = {isa = PBXBuildFile; fileRef = 5B5E1CB12249E0BF00F59EA5 /* StringExtension.swift */; };
		4CD569CD224A06170060EB36 /* LoginModel.swift in Sources */ = {isa = PBXBuildFile; fileRef = 5BE0799B2249D70A00116A00 /* LoginModel.swift */; };
		4CD569CE224A06170060EB36 /* CSNavigationViewModel.swift in Sources */ = {isa = PBXBuildFile; fileRef = 5BE0798D2249CC4800116A00 /* CSNavigationViewModel.swift */; };
		4CD569CF224A06170060EB36 /* UIWindowExtension.swift in Sources */ = {isa = PBXBuildFile; fileRef = 5BE079942249D20400116A00 /* UIWindowExtension.swift */; };
		4CD569D0224A06170060EB36 /* CSBaseViewController.swift in Sources */ = {isa = PBXBuildFile; fileRef = 5BE079892249CB5400116A00 /* CSBaseViewController.swift */; };
		4CD569D1224A06170060EB36 /* CSTalkListViewModel.swift in Sources */ = {isa = PBXBuildFile; fileRef = 5B5E1CBA2249E2E000F59EA5 /* CSTalkListViewModel.swift */; };
		4CD569D2224A06170060EB36 /* CSConstant.swift in Sources */ = {isa = PBXBuildFile; fileRef = 5BE079972249D5E700116A00 /* CSConstant.swift */; };
		4CD569D3224A06170060EB36 /* CSUtils.swift in Sources */ = {isa = PBXBuildFile; fileRef = 5BE0799D2249D73B00116A00 /* CSUtils.swift */; };
		4CD569D4224A06170060EB36 /* UITableViewExtension.swift in Sources */ = {isa = PBXBuildFile; fileRef = 5B5E1CAF2249E04500F59EA5 /* UITableViewExtension.swift */; };
		4CD569D5224A06170060EB36 /* NSObjectExtention.swift in Sources */ = {isa = PBXBuildFile; fileRef = 5BE079A62249D9BD00116A00 /* NSObjectExtention.swift */; };
		4CD569D6224A06170060EB36 /* CSLoginViewController.swift in Sources */ = {isa = PBXBuildFile; fileRef = 5BE079A02249D83300116A00 /* CSLoginViewController.swift */; };
		4CD569D7224A06170060EB36 /* AppDelegate.swift in Sources */ = {isa = PBXBuildFile; fileRef = 5BE079502249C48500116A00 /* AppDelegate.swift */; };
		4CD569D8224A06170060EB36 /* APIRouter.swift in Sources */ = {isa = PBXBuildFile; fileRef = 5BE079992249D6CF00116A00 /* APIRouter.swift */; };
		4CD569D9224A06170060EB36 /* CSBaseViewControllerExtention.swift in Sources */ = {isa = PBXBuildFile; fileRef = 5BE0798F2249CF7C00116A00 /* CSBaseViewControllerExtention.swift */; };
		4CD569DA224A06170060EB36 /* CSEnum.swift in Sources */ = {isa = PBXBuildFile; fileRef = 5B5E1CB32249E20D00F59EA5 /* CSEnum.swift */; };
		4CD569DB224A06170060EB36 /* CSTalkListViewController.swift in Sources */ = {isa = PBXBuildFile; fileRef = 5B5E1CB62249E2BF00F59EA5 /* CSTalkListViewController.swift */; };
		4CD569DC224A06170060EB36 /* ChatSystem.xcdatamodeld in Sources */ = {isa = PBXBuildFile; fileRef = 5BE079572249C48500116A00 /* ChatSystem.xcdatamodeld */; };
		4CD569DD224A06170060EB36 /* CSConfig.swift in Sources */ = {isa = PBXBuildFile; fileRef = 5BE079922249D12D00116A00 /* CSConfig.swift */; };
		4CD569DE224A06170060EB36 /* CSLoginViewModel.swift in Sources */ = {isa = PBXBuildFile; fileRef = 5BE079A42249D8CC00116A00 /* CSLoginViewModel.swift */; };
		4CD569E1224A06170060EB36 /* CSLoginViewController.xib in Resources */ = {isa = PBXBuildFile; fileRef = 5BE079A12249D83300116A00 /* CSLoginViewController.xib */; };
		4CD569E2224A06170060EB36 /* LaunchScreen.storyboard in Resources */ = {isa = PBXBuildFile; fileRef = 5BE0795C2249C48600116A00 /* LaunchScreen.storyboard */; };
		4CD569E3224A06170060EB36 /* CSTalkListViewController.xib in Resources */ = {isa = PBXBuildFile; fileRef = 5B5E1CB72249E2BF00F59EA5 /* CSTalkListViewController.xib */; };
		4CD569E4224A06170060EB36 /* Assets.xcassets in Resources */ = {isa = PBXBuildFile; fileRef = 5BE0795A2249C48600116A00 /* Assets.xcassets */; };
		4CD569EC224A061A0060EB36 /* CSBaseViewModel.swift in Sources */ = {isa = PBXBuildFile; fileRef = 5BE0798B2249CBE100116A00 /* CSBaseViewModel.swift */; };
		4CD569ED224A061A0060EB36 /* StringExtension.swift in Sources */ = {isa = PBXBuildFile; fileRef = 5B5E1CB12249E0BF00F59EA5 /* StringExtension.swift */; };
		4CD569EE224A061A0060EB36 /* LoginModel.swift in Sources */ = {isa = PBXBuildFile; fileRef = 5BE0799B2249D70A00116A00 /* LoginModel.swift */; };
		4CD569EF224A061A0060EB36 /* CSNavigationViewModel.swift in Sources */ = {isa = PBXBuildFile; fileRef = 5BE0798D2249CC4800116A00 /* CSNavigationViewModel.swift */; };
		4CD569F0224A061A0060EB36 /* UIWindowExtension.swift in Sources */ = {isa = PBXBuildFile; fileRef = 5BE079942249D20400116A00 /* UIWindowExtension.swift */; };
		4CD569F1224A061A0060EB36 /* CSBaseViewController.swift in Sources */ = {isa = PBXBuildFile; fileRef = 5BE079892249CB5400116A00 /* CSBaseViewController.swift */; };
		4CD569F2224A061A0060EB36 /* CSTalkListViewModel.swift in Sources */ = {isa = PBXBuildFile; fileRef = 5B5E1CBA2249E2E000F59EA5 /* CSTalkListViewModel.swift */; };
		4CD569F3224A061A0060EB36 /* CSConstant.swift in Sources */ = {isa = PBXBuildFile; fileRef = 5BE079972249D5E700116A00 /* CSConstant.swift */; };
		4CD569F4224A061A0060EB36 /* CSUtils.swift in Sources */ = {isa = PBXBuildFile; fileRef = 5BE0799D2249D73B00116A00 /* CSUtils.swift */; };
		4CD569F5224A061A0060EB36 /* UITableViewExtension.swift in Sources */ = {isa = PBXBuildFile; fileRef = 5B5E1CAF2249E04500F59EA5 /* UITableViewExtension.swift */; };
		4CD569F6224A061A0060EB36 /* NSObjectExtention.swift in Sources */ = {isa = PBXBuildFile; fileRef = 5BE079A62249D9BD00116A00 /* NSObjectExtention.swift */; };
		4CD569F7224A061A0060EB36 /* CSLoginViewController.swift in Sources */ = {isa = PBXBuildFile; fileRef = 5BE079A02249D83300116A00 /* CSLoginViewController.swift */; };
		4CD569F8224A061A0060EB36 /* AppDelegate.swift in Sources */ = {isa = PBXBuildFile; fileRef = 5BE079502249C48500116A00 /* AppDelegate.swift */; };
		4CD569F9224A061A0060EB36 /* APIRouter.swift in Sources */ = {isa = PBXBuildFile; fileRef = 5BE079992249D6CF00116A00 /* APIRouter.swift */; };
		4CD569FA224A061A0060EB36 /* CSBaseViewControllerExtention.swift in Sources */ = {isa = PBXBuildFile; fileRef = 5BE0798F2249CF7C00116A00 /* CSBaseViewControllerExtention.swift */; };
		4CD569FB224A061A0060EB36 /* CSEnum.swift in Sources */ = {isa = PBXBuildFile; fileRef = 5B5E1CB32249E20D00F59EA5 /* CSEnum.swift */; };
		4CD569FC224A061A0060EB36 /* CSTalkListViewController.swift in Sources */ = {isa = PBXBuildFile; fileRef = 5B5E1CB62249E2BF00F59EA5 /* CSTalkListViewController.swift */; };
		4CD569FD224A061A0060EB36 /* ChatSystem.xcdatamodeld in Sources */ = {isa = PBXBuildFile; fileRef = 5BE079572249C48500116A00 /* ChatSystem.xcdatamodeld */; };
		4CD569FE224A061A0060EB36 /* CSConfig.swift in Sources */ = {isa = PBXBuildFile; fileRef = 5BE079922249D12D00116A00 /* CSConfig.swift */; };
		4CD569FF224A061A0060EB36 /* CSLoginViewModel.swift in Sources */ = {isa = PBXBuildFile; fileRef = 5BE079A42249D8CC00116A00 /* CSLoginViewModel.swift */; };
		4CD56A02224A061A0060EB36 /* CSLoginViewController.xib in Resources */ = {isa = PBXBuildFile; fileRef = 5BE079A12249D83300116A00 /* CSLoginViewController.xib */; };
		4CD56A03224A061A0060EB36 /* LaunchScreen.storyboard in Resources */ = {isa = PBXBuildFile; fileRef = 5BE0795C2249C48600116A00 /* LaunchScreen.storyboard */; };
		4CD56A04224A061A0060EB36 /* CSTalkListViewController.xib in Resources */ = {isa = PBXBuildFile; fileRef = 5B5E1CB72249E2BF00F59EA5 /* CSTalkListViewController.xib */; };
		4CD56A05224A061A0060EB36 /* Assets.xcassets in Resources */ = {isa = PBXBuildFile; fileRef = 5BE0795A2249C48600116A00 /* Assets.xcassets */; };
		5B5E1CB02249E04500F59EA5 /* UITableViewExtension.swift in Sources */ = {isa = PBXBuildFile; fileRef = 5B5E1CAF2249E04500F59EA5 /* UITableViewExtension.swift */; };
		5B5E1CB22249E0BF00F59EA5 /* StringExtension.swift in Sources */ = {isa = PBXBuildFile; fileRef = 5B5E1CB12249E0BF00F59EA5 /* StringExtension.swift */; };
		5B5E1CB42249E20D00F59EA5 /* CSEnum.swift in Sources */ = {isa = PBXBuildFile; fileRef = 5B5E1CB32249E20D00F59EA5 /* CSEnum.swift */; };
		5B5E1CB82249E2BF00F59EA5 /* CSTalkListViewController.swift in Sources */ = {isa = PBXBuildFile; fileRef = 5B5E1CB62249E2BF00F59EA5 /* CSTalkListViewController.swift */; };
		5B5E1CB92249E2BF00F59EA5 /* CSTalkListViewController.xib in Resources */ = {isa = PBXBuildFile; fileRef = 5B5E1CB72249E2BF00F59EA5 /* CSTalkListViewController.xib */; };
		5B5E1CBB2249E2E000F59EA5 /* CSTalkListViewModel.swift in Sources */ = {isa = PBXBuildFile; fileRef = 5B5E1CBA2249E2E000F59EA5 /* CSTalkListViewModel.swift */; };
		5B5E1CBD224A101500F59EA5 /* UIColorExtension.swift in Sources */ = {isa = PBXBuildFile; fileRef = 5B5E1CBC224A101500F59EA5 /* UIColorExtension.swift */; };
		5B5E1CBF224A353200F59EA5 /* UIViewExtension.swift in Sources */ = {isa = PBXBuildFile; fileRef = 5B5E1CBE224A353200F59EA5 /* UIViewExtension.swift */; };
		5B5E1CC0224A353200F59EA5 /* UIViewExtension.swift in Sources */ = {isa = PBXBuildFile; fileRef = 5B5E1CBE224A353200F59EA5 /* UIViewExtension.swift */; };
		5B5E1CC1224A353200F59EA5 /* UIViewExtension.swift in Sources */ = {isa = PBXBuildFile; fileRef = 5B5E1CBE224A353200F59EA5 /* UIViewExtension.swift */; };
		5B5E1CC2224A353200F59EA5 /* UIViewExtension.swift in Sources */ = {isa = PBXBuildFile; fileRef = 5B5E1CBE224A353200F59EA5 /* UIViewExtension.swift */; };
		5BE079512249C48500116A00 /* AppDelegate.swift in Sources */ = {isa = PBXBuildFile; fileRef = 5BE079502249C48500116A00 /* AppDelegate.swift */; };
		5BE079592249C48500116A00 /* ChatSystem.xcdatamodeld in Sources */ = {isa = PBXBuildFile; fileRef = 5BE079572249C48500116A00 /* ChatSystem.xcdatamodeld */; };
		5BE0795B2249C48600116A00 /* Assets.xcassets in Resources */ = {isa = PBXBuildFile; fileRef = 5BE0795A2249C48600116A00 /* Assets.xcassets */; };
		5BE0795E2249C48600116A00 /* LaunchScreen.storyboard in Resources */ = {isa = PBXBuildFile; fileRef = 5BE0795C2249C48600116A00 /* LaunchScreen.storyboard */; };
		5BE079692249C48700116A00 /* ChatSystemTests.swift in Sources */ = {isa = PBXBuildFile; fileRef = 5BE079682249C48700116A00 /* ChatSystemTests.swift */; };
		5BE079742249C48700116A00 /* ChatSystemUITests.swift in Sources */ = {isa = PBXBuildFile; fileRef = 5BE079732249C48700116A00 /* ChatSystemUITests.swift */; };
		5BE0798A2249CB5400116A00 /* CSBaseViewController.swift in Sources */ = {isa = PBXBuildFile; fileRef = 5BE079892249CB5400116A00 /* CSBaseViewController.swift */; };
		5BE0798C2249CBE100116A00 /* CSBaseViewModel.swift in Sources */ = {isa = PBXBuildFile; fileRef = 5BE0798B2249CBE100116A00 /* CSBaseViewModel.swift */; };
		5BE0798E2249CC4800116A00 /* CSNavigationViewModel.swift in Sources */ = {isa = PBXBuildFile; fileRef = 5BE0798D2249CC4800116A00 /* CSNavigationViewModel.swift */; };
		5BE079902249CF7C00116A00 /* CSBaseViewControllerExtention.swift in Sources */ = {isa = PBXBuildFile; fileRef = 5BE0798F2249CF7C00116A00 /* CSBaseViewControllerExtention.swift */; };
		5BE079932249D12D00116A00 /* CSConfig.swift in Sources */ = {isa = PBXBuildFile; fileRef = 5BE079922249D12D00116A00 /* CSConfig.swift */; };
		5BE079952249D20400116A00 /* UIWindowExtension.swift in Sources */ = {isa = PBXBuildFile; fileRef = 5BE079942249D20400116A00 /* UIWindowExtension.swift */; };
		5BE079982249D5E700116A00 /* CSConstant.swift in Sources */ = {isa = PBXBuildFile; fileRef = 5BE079972249D5E700116A00 /* CSConstant.swift */; };
		5BE0799A2249D6CF00116A00 /* APIRouter.swift in Sources */ = {isa = PBXBuildFile; fileRef = 5BE079992249D6CF00116A00 /* APIRouter.swift */; };
		5BE0799C2249D70A00116A00 /* LoginModel.swift in Sources */ = {isa = PBXBuildFile; fileRef = 5BE0799B2249D70A00116A00 /* LoginModel.swift */; };
		5BE0799E2249D73B00116A00 /* CSUtils.swift in Sources */ = {isa = PBXBuildFile; fileRef = 5BE0799D2249D73B00116A00 /* CSUtils.swift */; };
		5BE079A22249D83300116A00 /* CSLoginViewController.swift in Sources */ = {isa = PBXBuildFile; fileRef = 5BE079A02249D83300116A00 /* CSLoginViewController.swift */; };
		5BE079A32249D83300116A00 /* CSLoginViewController.xib in Resources */ = {isa = PBXBuildFile; fileRef = 5BE079A12249D83300116A00 /* CSLoginViewController.xib */; };
		5BE079A52249D8CC00116A00 /* CSLoginViewModel.swift in Sources */ = {isa = PBXBuildFile; fileRef = 5BE079A42249D8CC00116A00 /* CSLoginViewModel.swift */; };
		5BE079A72249D9BD00116A00 /* NSObjectExtention.swift in Sources */ = {isa = PBXBuildFile; fileRef = 5BE079A62249D9BD00116A00 /* NSObjectExtention.swift */; };
/* End PBXBuildFile section */

/* Begin PBXContainerItemProxy section */
		5BE079652249C48700116A00 /* PBXContainerItemProxy */ = {
			isa = PBXContainerItemProxy;
			containerPortal = 5BE079452249C48500116A00 /* Project object */;
			proxyType = 1;
			remoteGlobalIDString = 5BE0794C2249C48500116A00;
			remoteInfo = ChatSystem;
		};
		5BE079702249C48700116A00 /* PBXContainerItemProxy */ = {
			isa = PBXContainerItemProxy;
			containerPortal = 5BE079452249C48500116A00 /* Project object */;
			proxyType = 1;
			remoteGlobalIDString = 5BE0794C2249C48500116A00;
			remoteInfo = ChatSystem;
		};
/* End PBXContainerItemProxy section */

/* Begin PBXFileReference section */
		4CD569C7224A06130060EB36 /* ChatSystem UAT VN.app */ = {isa = PBXFileReference; explicitFileType = wrapper.application; includeInIndex = 0; path = "ChatSystem UAT VN.app"; sourceTree = BUILT_PRODUCTS_DIR; };
		4CD569E8224A06170060EB36 /* ChatSystem UAT JP.app */ = {isa = PBXFileReference; explicitFileType = wrapper.application; includeInIndex = 0; path = "ChatSystem UAT JP.app"; sourceTree = BUILT_PRODUCTS_DIR; };
		4CD56A09224A061A0060EB36 /* ChatSystem PROD.app */ = {isa = PBXFileReference; explicitFileType = wrapper.application; includeInIndex = 0; path = "ChatSystem PROD.app"; sourceTree = BUILT_PRODUCTS_DIR; };
		4CD56A0C224A075F0060EB36 /* Info_UAT_JP.plist */ = {isa = PBXFileReference; lastKnownFileType = text.plist.xml; path = Info_UAT_JP.plist; sourceTree = "<group>"; };
		4CD56A0D224A075F0060EB36 /* Info_DEV.plist */ = {isa = PBXFileReference; lastKnownFileType = text.plist.xml; path = Info_DEV.plist; sourceTree = "<group>"; };
		4CD56A0E224A075F0060EB36 /* Info_UAT_VN.plist */ = {isa = PBXFileReference; lastKnownFileType = text.plist.xml; path = Info_UAT_VN.plist; sourceTree = "<group>"; };
		4CD56A0F224A075F0060EB36 /* Info_PROD.plist */ = {isa = PBXFileReference; lastKnownFileType = text.plist.xml; path = Info_PROD.plist; sourceTree = "<group>"; };
		5B5E1CAF2249E04500F59EA5 /* UITableViewExtension.swift */ = {isa = PBXFileReference; lastKnownFileType = sourcecode.swift; path = UITableViewExtension.swift; sourceTree = "<group>"; };
		5B5E1CB12249E0BF00F59EA5 /* StringExtension.swift */ = {isa = PBXFileReference; lastKnownFileType = sourcecode.swift; path = StringExtension.swift; sourceTree = "<group>"; };
		5B5E1CB32249E20D00F59EA5 /* CSEnum.swift */ = {isa = PBXFileReference; lastKnownFileType = sourcecode.swift; path = CSEnum.swift; sourceTree = "<group>"; };
		5B5E1CB62249E2BF00F59EA5 /* CSTalkListViewController.swift */ = {isa = PBXFileReference; lastKnownFileType = sourcecode.swift; path = CSTalkListViewController.swift; sourceTree = "<group>"; };
		5B5E1CB72249E2BF00F59EA5 /* CSTalkListViewController.xib */ = {isa = PBXFileReference; lastKnownFileType = file.xib; path = CSTalkListViewController.xib; sourceTree = "<group>"; };
		5B5E1CBA2249E2E000F59EA5 /* CSTalkListViewModel.swift */ = {isa = PBXFileReference; lastKnownFileType = sourcecode.swift; path = CSTalkListViewModel.swift; sourceTree = "<group>"; };
		5B5E1CBC224A101500F59EA5 /* UIColorExtension.swift */ = {isa = PBXFileReference; lastKnownFileType = sourcecode.swift; path = UIColorExtension.swift; sourceTree = "<group>"; };
		5B5E1CBE224A353200F59EA5 /* UIViewExtension.swift */ = {isa = PBXFileReference; lastKnownFileType = sourcecode.swift; path = UIViewExtension.swift; sourceTree = "<group>"; };
		5BE0794D2249C48500116A00 /* ChatSystem DEV.app */ = {isa = PBXFileReference; explicitFileType = wrapper.application; includeInIndex = 0; path = "ChatSystem DEV.app"; sourceTree = BUILT_PRODUCTS_DIR; };
		5BE079502249C48500116A00 /* AppDelegate.swift */ = {isa = PBXFileReference; lastKnownFileType = sourcecode.swift; path = AppDelegate.swift; sourceTree = "<group>"; };
		5BE079582249C48500116A00 /* ChatSystem.xcdatamodel */ = {isa = PBXFileReference; lastKnownFileType = wrapper.xcdatamodel; path = ChatSystem.xcdatamodel; sourceTree = "<group>"; };
		5BE0795A2249C48600116A00 /* Assets.xcassets */ = {isa = PBXFileReference; lastKnownFileType = folder.assetcatalog; path = Assets.xcassets; sourceTree = "<group>"; };
		5BE0795D2249C48600116A00 /* Base */ = {isa = PBXFileReference; lastKnownFileType = file.storyboard; name = Base; path = Base.lproj/LaunchScreen.storyboard; sourceTree = "<group>"; };
		5BE079642249C48700116A00 /* ChatSystemTests.xctest */ = {isa = PBXFileReference; explicitFileType = wrapper.cfbundle; includeInIndex = 0; path = ChatSystemTests.xctest; sourceTree = BUILT_PRODUCTS_DIR; };
		5BE079682249C48700116A00 /* ChatSystemTests.swift */ = {isa = PBXFileReference; lastKnownFileType = sourcecode.swift; path = ChatSystemTests.swift; sourceTree = "<group>"; };
		5BE0796A2249C48700116A00 /* Info.plist */ = {isa = PBXFileReference; lastKnownFileType = text.plist.xml; path = Info.plist; sourceTree = "<group>"; };
		5BE0796F2249C48700116A00 /* ChatSystemUITests.xctest */ = {isa = PBXFileReference; explicitFileType = wrapper.cfbundle; includeInIndex = 0; path = ChatSystemUITests.xctest; sourceTree = BUILT_PRODUCTS_DIR; };
		5BE079732249C48700116A00 /* ChatSystemUITests.swift */ = {isa = PBXFileReference; lastKnownFileType = sourcecode.swift; path = ChatSystemUITests.swift; sourceTree = "<group>"; };
		5BE079752249C48700116A00 /* Info.plist */ = {isa = PBXFileReference; lastKnownFileType = text.plist.xml; path = Info.plist; sourceTree = "<group>"; };
		5BE079892249CB5400116A00 /* CSBaseViewController.swift */ = {isa = PBXFileReference; lastKnownFileType = sourcecode.swift; path = CSBaseViewController.swift; sourceTree = "<group>"; };
		5BE0798B2249CBE100116A00 /* CSBaseViewModel.swift */ = {isa = PBXFileReference; lastKnownFileType = sourcecode.swift; path = CSBaseViewModel.swift; sourceTree = "<group>"; };
		5BE0798D2249CC4800116A00 /* CSNavigationViewModel.swift */ = {isa = PBXFileReference; lastKnownFileType = sourcecode.swift; path = CSNavigationViewModel.swift; sourceTree = "<group>"; };
		5BE0798F2249CF7C00116A00 /* CSBaseViewControllerExtention.swift */ = {isa = PBXFileReference; lastKnownFileType = sourcecode.swift; path = CSBaseViewControllerExtention.swift; sourceTree = "<group>"; };
		5BE079922249D12D00116A00 /* CSConfig.swift */ = {isa = PBXFileReference; lastKnownFileType = sourcecode.swift; path = CSConfig.swift; sourceTree = "<group>"; };
		5BE079942249D20400116A00 /* UIWindowExtension.swift */ = {isa = PBXFileReference; lastKnownFileType = sourcecode.swift; path = UIWindowExtension.swift; sourceTree = "<group>"; };
		5BE079972249D5E700116A00 /* CSConstant.swift */ = {isa = PBXFileReference; lastKnownFileType = sourcecode.swift; path = CSConstant.swift; sourceTree = "<group>"; };
		5BE079992249D6CF00116A00 /* APIRouter.swift */ = {isa = PBXFileReference; lastKnownFileType = sourcecode.swift; path = APIRouter.swift; sourceTree = "<group>"; };
		5BE0799B2249D70A00116A00 /* LoginModel.swift */ = {isa = PBXFileReference; lastKnownFileType = sourcecode.swift; path = LoginModel.swift; sourceTree = "<group>"; };
		5BE0799D2249D73B00116A00 /* CSUtils.swift */ = {isa = PBXFileReference; lastKnownFileType = sourcecode.swift; path = CSUtils.swift; sourceTree = "<group>"; };
		5BE079A02249D83300116A00 /* CSLoginViewController.swift */ = {isa = PBXFileReference; lastKnownFileType = sourcecode.swift; path = CSLoginViewController.swift; sourceTree = "<group>"; };
		5BE079A12249D83300116A00 /* CSLoginViewController.xib */ = {isa = PBXFileReference; lastKnownFileType = file.xib; path = CSLoginViewController.xib; sourceTree = "<group>"; };
		5BE079A42249D8CC00116A00 /* CSLoginViewModel.swift */ = {isa = PBXFileReference; lastKnownFileType = sourcecode.swift; path = CSLoginViewModel.swift; sourceTree = "<group>"; };
		5BE079A62249D9BD00116A00 /* NSObjectExtention.swift */ = {isa = PBXFileReference; lastKnownFileType = sourcecode.swift; path = NSObjectExtention.swift; sourceTree = "<group>"; };
/* End PBXFileReference section */

/* Begin PBXFrameworksBuildPhase section */
		4CD569BE224A06130060EB36 /* Frameworks */ = {
			isa = PBXFrameworksBuildPhase;
			buildActionMask = 2147483647;
			files = (
			);
			runOnlyForDeploymentPostprocessing = 0;
		};
		4CD569DF224A06170060EB36 /* Frameworks */ = {
			isa = PBXFrameworksBuildPhase;
			buildActionMask = 2147483647;
			files = (
			);
			runOnlyForDeploymentPostprocessing = 0;
		};
		4CD56A00224A061A0060EB36 /* Frameworks */ = {
			isa = PBXFrameworksBuildPhase;
			buildActionMask = 2147483647;
			files = (
			);
			runOnlyForDeploymentPostprocessing = 0;
		};
		5BE0794A2249C48500116A00 /* Frameworks */ = {
			isa = PBXFrameworksBuildPhase;
			buildActionMask = 2147483647;
			files = (
			);
			runOnlyForDeploymentPostprocessing = 0;
		};
		5BE079612249C48700116A00 /* Frameworks */ = {
			isa = PBXFrameworksBuildPhase;
			buildActionMask = 2147483647;
			files = (
			);
			runOnlyForDeploymentPostprocessing = 0;
		};
		5BE0796C2249C48700116A00 /* Frameworks */ = {
			isa = PBXFrameworksBuildPhase;
			buildActionMask = 2147483647;
			files = (
			);
			runOnlyForDeploymentPostprocessing = 0;
		};
/* End PBXFrameworksBuildPhase section */

/* Begin PBXGroup section */
		4CD56A0B224A06E50060EB36 /* Supporting Files */ = {
			isa = PBXGroup;
			children = (
				5BE079502249C48500116A00 /* AppDelegate.swift */,
				4CD56A0D224A075F0060EB36 /* Info_DEV.plist */,
				4CD56A0E224A075F0060EB36 /* Info_UAT_VN.plist */,
				4CD56A0C224A075F0060EB36 /* Info_UAT_JP.plist */,
				4CD56A0F224A075F0060EB36 /* Info_PROD.plist */,
			);
			path = "Supporting Files";
			sourceTree = "<group>";
		};
		5B5E1CB52249E29900F59EA5 /* TalkList */ = {
			isa = PBXGroup;
			children = (
				5B5E1CB62249E2BF00F59EA5 /* CSTalkListViewController.swift */,
				5B5E1CB72249E2BF00F59EA5 /* CSTalkListViewController.xib */,
				5B5E1CBA2249E2E000F59EA5 /* CSTalkListViewModel.swift */,
			);
			path = TalkList;
			sourceTree = "<group>";
		};
		5BE079442249C48500116A00 = {
			isa = PBXGroup;
			children = (
				5BE0794F2249C48500116A00 /* ChatSystem */,
				5BE079672249C48700116A00 /* ChatSystemTests */,
				5BE079722249C48700116A00 /* ChatSystemUITests */,
				5BE0794E2249C48500116A00 /* Products */,
			);
			sourceTree = "<group>";
		};
		5BE0794E2249C48500116A00 /* Products */ = {
			isa = PBXGroup;
			children = (
				5BE0794D2249C48500116A00 /* ChatSystem DEV.app */,
				5BE079642249C48700116A00 /* ChatSystemTests.xctest */,
				5BE0796F2249C48700116A00 /* ChatSystemUITests.xctest */,
				4CD569C7224A06130060EB36 /* ChatSystem UAT VN.app */,
				4CD569E8224A06170060EB36 /* ChatSystem UAT JP.app */,
				4CD56A09224A061A0060EB36 /* ChatSystem PROD.app */,
			);
			name = Products;
			sourceTree = "<group>";
		};
		5BE0794F2249C48500116A00 /* ChatSystem */ = {
			isa = PBXGroup;
			children = (
				5BE079912249D10600116A00 /* Config */,
				5BE079882249CA7D00116A00 /* BaseView */,
				5BE079872249C93000116A00 /* Enum */,
				5BE079862249C8FE00116A00 /* Constant */,
				5BE079852249C8F400116A00 /* Views */,
				5BE079842249C8C800116A00 /* Extensions */,
				5BE079832249C8C000116A00 /* Model */,
				5BE079822249C5FE00116A00 /* Utils */,
				5BE079812249C5DF00116A00 /* Networking */,
				4CD56A0B224A06E50060EB36 /* Supporting Files */,
				5BE0795A2249C48600116A00 /* Assets.xcassets */,
				5BE0795C2249C48600116A00 /* LaunchScreen.storyboard */,
				5BE079572249C48500116A00 /* ChatSystem.xcdatamodeld */,
			);
			path = ChatSystem;
			sourceTree = "<group>";
		};
		5BE079672249C48700116A00 /* ChatSystemTests */ = {
			isa = PBXGroup;
			children = (
				5BE079682249C48700116A00 /* ChatSystemTests.swift */,
				5BE0796A2249C48700116A00 /* Info.plist */,
			);
			path = ChatSystemTests;
			sourceTree = "<group>";
		};
		5BE079722249C48700116A00 /* ChatSystemUITests */ = {
			isa = PBXGroup;
			children = (
				5BE079732249C48700116A00 /* ChatSystemUITests.swift */,
				5BE079752249C48700116A00 /* Info.plist */,
			);
			path = ChatSystemUITests;
			sourceTree = "<group>";
		};
		5BE079812249C5DF00116A00 /* Networking */ = {
			isa = PBXGroup;
			children = (
				5BE079992249D6CF00116A00 /* APIRouter.swift */,
			);
			path = Networking;
			sourceTree = "<group>";
		};
		5BE079822249C5FE00116A00 /* Utils */ = {
			isa = PBXGroup;
			children = (
				5BE0799D2249D73B00116A00 /* CSUtils.swift */,
			);
			path = Utils;
			sourceTree = "<group>";
		};
		5BE079832249C8C000116A00 /* Model */ = {
			isa = PBXGroup;
			children = (
				5BE0799B2249D70A00116A00 /* LoginModel.swift */,
			);
			path = Model;
			sourceTree = "<group>";
		};
		5BE079842249C8C800116A00 /* Extensions */ = {
			isa = PBXGroup;
			children = (
				5BE079942249D20400116A00 /* UIWindowExtension.swift */,
				5BE079A62249D9BD00116A00 /* NSObjectExtention.swift */,
				5B5E1CAF2249E04500F59EA5 /* UITableViewExtension.swift */,
				5B5E1CB12249E0BF00F59EA5 /* StringExtension.swift */,
				5B5E1CBC224A101500F59EA5 /* UIColorExtension.swift */,
				5B5E1CBE224A353200F59EA5 /* UIViewExtension.swift */,
			);
			path = Extensions;
			sourceTree = "<group>";
		};
		5BE079852249C8F400116A00 /* Views */ = {
			isa = PBXGroup;
			children = (
				5B5E1CB52249E29900F59EA5 /* TalkList */,
				5BE0799F2249D80500116A00 /* Login */,
			);
			path = Views;
			sourceTree = "<group>";
		};
		5BE079862249C8FE00116A00 /* Constant */ = {
			isa = PBXGroup;
			children = (
				5BE079972249D5E700116A00 /* CSConstant.swift */,
			);
			path = Constant;
			sourceTree = "<group>";
		};
		5BE079872249C93000116A00 /* Enum */ = {
			isa = PBXGroup;
			children = (
				5B5E1CB32249E20D00F59EA5 /* CSEnum.swift */,
			);
			path = Enum;
			sourceTree = "<group>";
		};
		5BE079882249CA7D00116A00 /* BaseView */ = {
			isa = PBXGroup;
			children = (
				5BE079892249CB5400116A00 /* CSBaseViewController.swift */,
				5BE0798B2249CBE100116A00 /* CSBaseViewModel.swift */,
				5BE0798D2249CC4800116A00 /* CSNavigationViewModel.swift */,
				5BE0798F2249CF7C00116A00 /* CSBaseViewControllerExtention.swift */,
			);
			path = BaseView;
			sourceTree = "<group>";
		};
		5BE079912249D10600116A00 /* Config */ = {
			isa = PBXGroup;
			children = (
				5BE079922249D12D00116A00 /* CSConfig.swift */,
			);
			path = Config;
			sourceTree = "<group>";
		};
		5BE0799F2249D80500116A00 /* Login */ = {
			isa = PBXGroup;
			children = (
				5BE079A02249D83300116A00 /* CSLoginViewController.swift */,
				5BE079A12249D83300116A00 /* CSLoginViewController.xib */,
				5BE079A42249D8CC00116A00 /* CSLoginViewModel.swift */,
			);
			path = Login;
			sourceTree = "<group>";
		};
/* End PBXGroup section */

/* Begin PBXNativeTarget section */
		4CD569A8224A06130060EB36 /* ChatSystem UAT VN */ = {
			isa = PBXNativeTarget;
			buildConfigurationList = 4CD569C4224A06130060EB36 /* Build configuration list for PBXNativeTarget "ChatSystem UAT VN" */;
			buildPhases = (
				4CD569A9224A06130060EB36 /* Sources */,
				4CD569BE224A06130060EB36 /* Frameworks */,
				4CD569BF224A06130060EB36 /* Resources */,
			);
			buildRules = (
			);
			dependencies = (
			);
			name = "ChatSystem UAT VN";
			productName = ChatSystem;
			productReference = 4CD569C7224A06130060EB36 /* ChatSystem UAT VN.app */;
			productType = "com.apple.product-type.application";
		};
		4CD569C9224A06170060EB36 /* ChatSystem UAT JP */ = {
			isa = PBXNativeTarget;
			buildConfigurationList = 4CD569E5224A06170060EB36 /* Build configuration list for PBXNativeTarget "ChatSystem UAT JP" */;
			buildPhases = (
				4CD569CA224A06170060EB36 /* Sources */,
				4CD569DF224A06170060EB36 /* Frameworks */,
				4CD569E0224A06170060EB36 /* Resources */,
			);
			buildRules = (
			);
			dependencies = (
			);
			name = "ChatSystem UAT JP";
			productName = ChatSystem;
			productReference = 4CD569E8224A06170060EB36 /* ChatSystem UAT JP.app */;
			productType = "com.apple.product-type.application";
		};
		4CD569EA224A061A0060EB36 /* ChatSystem PROD */ = {
			isa = PBXNativeTarget;
			buildConfigurationList = 4CD56A06224A061A0060EB36 /* Build configuration list for PBXNativeTarget "ChatSystem PROD" */;
			buildPhases = (
				4CD569EB224A061A0060EB36 /* Sources */,
				4CD56A00224A061A0060EB36 /* Frameworks */,
				4CD56A01224A061A0060EB36 /* Resources */,
			);
			buildRules = (
			);
			dependencies = (
			);
			name = "ChatSystem PROD";
			productName = ChatSystem;
			productReference = 4CD56A09224A061A0060EB36 /* ChatSystem PROD.app */;
			productType = "com.apple.product-type.application";
		};
		5BE0794C2249C48500116A00 /* ChatSystem DEV */ = {
			isa = PBXNativeTarget;
			buildConfigurationList = 5BE079782249C48700116A00 /* Build configuration list for PBXNativeTarget "ChatSystem DEV" */;
			buildPhases = (
				5BE079492249C48500116A00 /* Sources */,
				5BE0794A2249C48500116A00 /* Frameworks */,
				5BE0794B2249C48500116A00 /* Resources */,
			);
			buildRules = (
			);
			dependencies = (
			);
			name = "ChatSystem DEV";
			productName = ChatSystem;
			productReference = 5BE0794D2249C48500116A00 /* ChatSystem DEV.app */;
			productType = "com.apple.product-type.application";
		};
		5BE079632249C48700116A00 /* ChatSystemTests */ = {
			isa = PBXNativeTarget;
			buildConfigurationList = 5BE0797B2249C48700116A00 /* Build configuration list for PBXNativeTarget "ChatSystemTests" */;
			buildPhases = (
				5BE079602249C48700116A00 /* Sources */,
				5BE079612249C48700116A00 /* Frameworks */,
				5BE079622249C48700116A00 /* Resources */,
			);
			buildRules = (
			);
			dependencies = (
				5BE079662249C48700116A00 /* PBXTargetDependency */,
			);
			name = ChatSystemTests;
			productName = ChatSystemTests;
			productReference = 5BE079642249C48700116A00 /* ChatSystemTests.xctest */;
			productType = "com.apple.product-type.bundle.unit-test";
		};
		5BE0796E2249C48700116A00 /* ChatSystemUITests */ = {
			isa = PBXNativeTarget;
			buildConfigurationList = 5BE0797E2249C48700116A00 /* Build configuration list for PBXNativeTarget "ChatSystemUITests" */;
			buildPhases = (
				5BE0796B2249C48700116A00 /* Sources */,
				5BE0796C2249C48700116A00 /* Frameworks */,
				5BE0796D2249C48700116A00 /* Resources */,
			);
			buildRules = (
			);
			dependencies = (
				5BE079712249C48700116A00 /* PBXTargetDependency */,
			);
			name = ChatSystemUITests;
			productName = ChatSystemUITests;
			productReference = 5BE0796F2249C48700116A00 /* ChatSystemUITests.xctest */;
			productType = "com.apple.product-type.bundle.ui-testing";
		};
/* End PBXNativeTarget section */

/* Begin PBXProject section */
		5BE079452249C48500116A00 /* Project object */ = {
			isa = PBXProject;
			attributes = {
				LastSwiftUpdateCheck = 1010;
				LastUpgradeCheck = 1010;
				ORGANIZATIONNAME = "Pham Van Quan";
				TargetAttributes = {
					5BE0794C2249C48500116A00 = {
						CreatedOnToolsVersion = 10.1;
					};
					5BE079632249C48700116A00 = {
						CreatedOnToolsVersion = 10.1;
						TestTargetID = 5BE0794C2249C48500116A00;
					};
					5BE0796E2249C48700116A00 = {
						CreatedOnToolsVersion = 10.1;
						TestTargetID = 5BE0794C2249C48500116A00;
					};
				};
			};
			buildConfigurationList = 5BE079482249C48500116A00 /* Build configuration list for PBXProject "ChatSystem" */;
			compatibilityVersion = "Xcode 9.3";
			developmentRegion = en;
			hasScannedForEncodings = 0;
			knownRegions = (
				en,
				Base,
			);
			mainGroup = 5BE079442249C48500116A00;
			productRefGroup = 5BE0794E2249C48500116A00 /* Products */;
			projectDirPath = "";
			projectRoot = "";
			targets = (
				5BE0794C2249C48500116A00 /* ChatSystem DEV */,
				4CD569A8224A06130060EB36 /* ChatSystem UAT VN */,
				4CD569C9224A06170060EB36 /* ChatSystem UAT JP */,
				4CD569EA224A061A0060EB36 /* ChatSystem PROD */,
				5BE079632249C48700116A00 /* ChatSystemTests */,
				5BE0796E2249C48700116A00 /* ChatSystemUITests */,
			);
		};
/* End PBXProject section */

/* Begin PBXResourcesBuildPhase section */
		4CD569BF224A06130060EB36 /* Resources */ = {
			isa = PBXResourcesBuildPhase;
			buildActionMask = 2147483647;
			files = (
				4CD569C0224A06130060EB36 /* CSLoginViewController.xib in Resources */,
				4CD569C1224A06130060EB36 /* LaunchScreen.storyboard in Resources */,
				4CD569C2224A06130060EB36 /* CSTalkListViewController.xib in Resources */,
				4CD569C3224A06130060EB36 /* Assets.xcassets in Resources */,
			);
			runOnlyForDeploymentPostprocessing = 0;
		};
		4CD569E0224A06170060EB36 /* Resources */ = {
			isa = PBXResourcesBuildPhase;
			buildActionMask = 2147483647;
			files = (
				4CD569E1224A06170060EB36 /* CSLoginViewController.xib in Resources */,
				4CD569E2224A06170060EB36 /* LaunchScreen.storyboard in Resources */,
				4CD569E3224A06170060EB36 /* CSTalkListViewController.xib in Resources */,
				4CD569E4224A06170060EB36 /* Assets.xcassets in Resources */,
			);
			runOnlyForDeploymentPostprocessing = 0;
		};
		4CD56A01224A061A0060EB36 /* Resources */ = {
			isa = PBXResourcesBuildPhase;
			buildActionMask = 2147483647;
			files = (
				4CD56A02224A061A0060EB36 /* CSLoginViewController.xib in Resources */,
				4CD56A03224A061A0060EB36 /* LaunchScreen.storyboard in Resources */,
				4CD56A04224A061A0060EB36 /* CSTalkListViewController.xib in Resources */,
				4CD56A05224A061A0060EB36 /* Assets.xcassets in Resources */,
			);
			runOnlyForDeploymentPostprocessing = 0;
		};
		5BE0794B2249C48500116A00 /* Resources */ = {
			isa = PBXResourcesBuildPhase;
			buildActionMask = 2147483647;
			files = (
				5BE079A32249D83300116A00 /* CSLoginViewController.xib in Resources */,
				5BE0795E2249C48600116A00 /* LaunchScreen.storyboard in Resources */,
				5B5E1CB92249E2BF00F59EA5 /* CSTalkListViewController.xib in Resources */,
				5BE0795B2249C48600116A00 /* Assets.xcassets in Resources */,
			);
			runOnlyForDeploymentPostprocessing = 0;
		};
		5BE079622249C48700116A00 /* Resources */ = {
			isa = PBXResourcesBuildPhase;
			buildActionMask = 2147483647;
			files = (
			);
			runOnlyForDeploymentPostprocessing = 0;
		};
		5BE0796D2249C48700116A00 /* Resources */ = {
			isa = PBXResourcesBuildPhase;
			buildActionMask = 2147483647;
			files = (
			);
			runOnlyForDeploymentPostprocessing = 0;
		};
/* End PBXResourcesBuildPhase section */

/* Begin PBXSourcesBuildPhase section */
		4CD569A9224A06130060EB36 /* Sources */ = {
			isa = PBXSourcesBuildPhase;
			buildActionMask = 2147483647;
			files = (
				4CD569AA224A06130060EB36 /* CSBaseViewModel.swift in Sources */,
				4CD569AB224A06130060EB36 /* StringExtension.swift in Sources */,
				4CD569AC224A06130060EB36 /* LoginModel.swift in Sources */,
				4CD569AD224A06130060EB36 /* CSNavigationViewModel.swift in Sources */,
				4CD569AE224A06130060EB36 /* UIWindowExtension.swift in Sources */,
				4CD569AF224A06130060EB36 /* CSBaseViewController.swift in Sources */,
				4CD569B0224A06130060EB36 /* CSTalkListViewModel.swift in Sources */,
				4CD569B1224A06130060EB36 /* CSConstant.swift in Sources */,
				4CD569B2224A06130060EB36 /* CSUtils.swift in Sources */,
				4CD569B3224A06130060EB36 /* UITableViewExtension.swift in Sources */,
				4CD569B4224A06130060EB36 /* NSObjectExtention.swift in Sources */,
				4CD569B5224A06130060EB36 /* CSLoginViewController.swift in Sources */,
				4CD569B6224A06130060EB36 /* AppDelegate.swift in Sources */,
				4CD569B7224A06130060EB36 /* APIRouter.swift in Sources */,
				4CD569B8224A06130060EB36 /* CSBaseViewControllerExtention.swift in Sources */,
				4CD569B9224A06130060EB36 /* CSEnum.swift in Sources */,
				4CD569BA224A06130060EB36 /* CSTalkListViewController.swift in Sources */,
				4CD569BB224A06130060EB36 /* ChatSystem.xcdatamodeld in Sources */,
				5B5E1CC0224A353200F59EA5 /* UIViewExtension.swift in Sources */,
				4CD569BC224A06130060EB36 /* CSConfig.swift in Sources */,
				4CD569BD224A06130060EB36 /* CSLoginViewModel.swift in Sources */,
			);
			runOnlyForDeploymentPostprocessing = 0;
		};
		4CD569CA224A06170060EB36 /* Sources */ = {
			isa = PBXSourcesBuildPhase;
			buildActionMask = 2147483647;
			files = (
				4CD569CB224A06170060EB36 /* CSBaseViewModel.swift in Sources */,
				4CD569CC224A06170060EB36 /* StringExtension.swift in Sources */,
				4CD569CD224A06170060EB36 /* LoginModel.swift in Sources */,
				4CD569CE224A06170060EB36 /* CSNavigationViewModel.swift in Sources */,
				4CD569CF224A06170060EB36 /* UIWindowExtension.swift in Sources */,
				4CD569D0224A06170060EB36 /* CSBaseViewController.swift in Sources */,
				4CD569D1224A06170060EB36 /* CSTalkListViewModel.swift in Sources */,
				4CD569D2224A06170060EB36 /* CSConstant.swift in Sources */,
				4CD569D3224A06170060EB36 /* CSUtils.swift in Sources */,
				4CD569D4224A06170060EB36 /* UITableViewExtension.swift in Sources */,
				4CD569D5224A06170060EB36 /* NSObjectExtention.swift in Sources */,
				4CD569D6224A06170060EB36 /* CSLoginViewController.swift in Sources */,
				4CD569D7224A06170060EB36 /* AppDelegate.swift in Sources */,
				4CD569D8224A06170060EB36 /* APIRouter.swift in Sources */,
				4CD569D9224A06170060EB36 /* CSBaseViewControllerExtention.swift in Sources */,
				4CD569DA224A06170060EB36 /* CSEnum.swift in Sources */,
				4CD569DB224A06170060EB36 /* CSTalkListViewController.swift in Sources */,
				4CD569DC224A06170060EB36 /* ChatSystem.xcdatamodeld in Sources */,
				5B5E1CC1224A353200F59EA5 /* UIViewExtension.swift in Sources */,
				4CD569DD224A06170060EB36 /* CSConfig.swift in Sources */,
				4CD569DE224A06170060EB36 /* CSLoginViewModel.swift in Sources */,
			);
			runOnlyForDeploymentPostprocessing = 0;
		};
		4CD569EB224A061A0060EB36 /* Sources */ = {
			isa = PBXSourcesBuildPhase;
			buildActionMask = 2147483647;
			files = (
				4CD569EC224A061A0060EB36 /* CSBaseViewModel.swift in Sources */,
				4CD569ED224A061A0060EB36 /* StringExtension.swift in Sources */,
				4CD569EE224A061A0060EB36 /* LoginModel.swift in Sources */,
				4CD569EF224A061A0060EB36 /* CSNavigationViewModel.swift in Sources */,
				4CD569F0224A061A0060EB36 /* UIWindowExtension.swift in Sources */,
				4CD569F1224A061A0060EB36 /* CSBaseViewController.swift in Sources */,
				4CD569F2224A061A0060EB36 /* CSTalkListViewModel.swift in Sources */,
				4CD569F3224A061A0060EB36 /* CSConstant.swift in Sources */,
				4CD569F4224A061A0060EB36 /* CSUtils.swift in Sources */,
				4CD569F5224A061A0060EB36 /* UITableViewExtension.swift in Sources */,
				4CD569F6224A061A0060EB36 /* NSObjectExtention.swift in Sources */,
				4CD569F7224A061A0060EB36 /* CSLoginViewController.swift in Sources */,
				4CD569F8224A061A0060EB36 /* AppDelegate.swift in Sources */,
				4CD569F9224A061A0060EB36 /* APIRouter.swift in Sources */,
				4CD569FA224A061A0060EB36 /* CSBaseViewControllerExtention.swift in Sources */,
				4CD569FB224A061A0060EB36 /* CSEnum.swift in Sources */,
				4CD569FC224A061A0060EB36 /* CSTalkListViewController.swift in Sources */,
				4CD569FD224A061A0060EB36 /* ChatSystem.xcdatamodeld in Sources */,
				5B5E1CC2224A353200F59EA5 /* UIViewExtension.swift in Sources */,
				4CD569FE224A061A0060EB36 /* CSConfig.swift in Sources */,
				4CD569FF224A061A0060EB36 /* CSLoginViewModel.swift in Sources */,
			);
			runOnlyForDeploymentPostprocessing = 0;
		};
		5BE079492249C48500116A00 /* Sources */ = {
			isa = PBXSourcesBuildPhase;
			buildActionMask = 2147483647;
			files = (
				5BE0798C2249CBE100116A00 /* CSBaseViewModel.swift in Sources */,
				5B5E1CB22249E0BF00F59EA5 /* StringExtension.swift in Sources */,
				5B5E1CBF224A353200F59EA5 /* UIViewExtension.swift in Sources */,
				5BE0799C2249D70A00116A00 /* LoginModel.swift in Sources */,
				5BE0798E2249CC4800116A00 /* CSNavigationViewModel.swift in Sources */,
				5BE079952249D20400116A00 /* UIWindowExtension.swift in Sources */,
				5B5E1CBD224A101500F59EA5 /* UIColorExtension.swift in Sources */,
				5BE0798A2249CB5400116A00 /* CSBaseViewController.swift in Sources */,
				5B5E1CBB2249E2E000F59EA5 /* CSTalkListViewModel.swift in Sources */,
				5BE079982249D5E700116A00 /* CSConstant.swift in Sources */,
				5BE0799E2249D73B00116A00 /* CSUtils.swift in Sources */,
				5B5E1CB02249E04500F59EA5 /* UITableViewExtension.swift in Sources */,
				5BE079A72249D9BD00116A00 /* NSObjectExtention.swift in Sources */,
				5BE079A22249D83300116A00 /* CSLoginViewController.swift in Sources */,
				5BE079512249C48500116A00 /* AppDelegate.swift in Sources */,
				5BE0799A2249D6CF00116A00 /* APIRouter.swift in Sources */,
				5BE079902249CF7C00116A00 /* CSBaseViewControllerExtention.swift in Sources */,
				5B5E1CB42249E20D00F59EA5 /* CSEnum.swift in Sources */,
				5B5E1CB82249E2BF00F59EA5 /* CSTalkListViewController.swift in Sources */,
				5BE079592249C48500116A00 /* ChatSystem.xcdatamodeld in Sources */,
				5BE079932249D12D00116A00 /* CSConfig.swift in Sources */,
				5BE079A52249D8CC00116A00 /* CSLoginViewModel.swift in Sources */,
			);
			runOnlyForDeploymentPostprocessing = 0;
		};
		5BE079602249C48700116A00 /* Sources */ = {
			isa = PBXSourcesBuildPhase;
			buildActionMask = 2147483647;
			files = (
				5BE079692249C48700116A00 /* ChatSystemTests.swift in Sources */,
			);
			runOnlyForDeploymentPostprocessing = 0;
		};
		5BE0796B2249C48700116A00 /* Sources */ = {
			isa = PBXSourcesBuildPhase;
			buildActionMask = 2147483647;
			files = (
				5BE079742249C48700116A00 /* ChatSystemUITests.swift in Sources */,
			);
			runOnlyForDeploymentPostprocessing = 0;
		};
/* End PBXSourcesBuildPhase section */

/* Begin PBXTargetDependency section */
		5BE079662249C48700116A00 /* PBXTargetDependency */ = {
			isa = PBXTargetDependency;
			target = 5BE0794C2249C48500116A00 /* ChatSystem DEV */;
			targetProxy = 5BE079652249C48700116A00 /* PBXContainerItemProxy */;
		};
		5BE079712249C48700116A00 /* PBXTargetDependency */ = {
			isa = PBXTargetDependency;
			target = 5BE0794C2249C48500116A00 /* ChatSystem DEV */;
			targetProxy = 5BE079702249C48700116A00 /* PBXContainerItemProxy */;
		};
/* End PBXTargetDependency section */

/* Begin PBXVariantGroup section */
		5BE0795C2249C48600116A00 /* LaunchScreen.storyboard */ = {
			isa = PBXVariantGroup;
			children = (
				5BE0795D2249C48600116A00 /* Base */,
			);
			name = LaunchScreen.storyboard;
			sourceTree = "<group>";
		};
/* End PBXVariantGroup section */

/* Begin XCBuildConfiguration section */
		4CD569C5224A06130060EB36 /* Debug */ = {
			isa = XCBuildConfiguration;
			buildSettings = {
				ASSETCATALOG_COMPILER_APPICON_NAME = AppIcon;
				CODE_SIGN_STYLE = Automatic;
				INFOPLIST_FILE = "$(SRCROOT)/ChatSystem/Supporting Files/Info_UAT_VN.plist";
				IPHONEOS_DEPLOYMENT_TARGET = 10.0;
				LD_RUNPATH_SEARCH_PATHS = (
					"$(inherited)",
					"@executable_path/Frameworks",
				);
				PRODUCT_BUNDLE_IDENTIFIER = com.dev.quanpv.ChatSystem;
				PRODUCT_NAME = "$(TARGET_NAME)";
				SWIFT_VERSION = 4.2;
				TARGETED_DEVICE_FAMILY = "1,2";
			};
			name = Debug;
		};
		4CD569C6224A06130060EB36 /* Release */ = {
			isa = XCBuildConfiguration;
			buildSettings = {
				ASSETCATALOG_COMPILER_APPICON_NAME = AppIcon;
				CODE_SIGN_STYLE = Automatic;
				INFOPLIST_FILE = "$(SRCROOT)/ChatSystem/Supporting Files/Info_UAT_VN.plist";
				IPHONEOS_DEPLOYMENT_TARGET = 10.0;
				LD_RUNPATH_SEARCH_PATHS = (
					"$(inherited)",
					"@executable_path/Frameworks",
				);
				PRODUCT_BUNDLE_IDENTIFIER = com.dev.quanpv.ChatSystem;
				PRODUCT_NAME = "$(TARGET_NAME)";
				SWIFT_VERSION = 4.2;
				TARGETED_DEVICE_FAMILY = "1,2";
			};
			name = Release;
		};
		4CD569E6224A06170060EB36 /* Debug */ = {
			isa = XCBuildConfiguration;
			buildSettings = {
				ASSETCATALOG_COMPILER_APPICON_NAME = AppIcon;
				CODE_SIGN_STYLE = Automatic;
				INFOPLIST_FILE = "$(SRCROOT)/ChatSystem/Supporting Files/Info_UAT_JP.plist";
				IPHONEOS_DEPLOYMENT_TARGET = 10.0;
				LD_RUNPATH_SEARCH_PATHS = (
					"$(inherited)",
					"@executable_path/Frameworks",
				);
				PRODUCT_BUNDLE_IDENTIFIER = com.dev.quanpv.ChatSystem;
				PRODUCT_NAME = "$(TARGET_NAME)";
				SWIFT_VERSION = 4.2;
				TARGETED_DEVICE_FAMILY = "1,2";
			};
			name = Debug;
		};
		4CD569E7224A06170060EB36 /* Release */ = {
			isa = XCBuildConfiguration;
			buildSettings = {
				ASSETCATALOG_COMPILER_APPICON_NAME = AppIcon;
				CODE_SIGN_STYLE = Automatic;
				INFOPLIST_FILE = "$(SRCROOT)/ChatSystem/Supporting Files/Info_UAT_JP.plist";
				IPHONEOS_DEPLOYMENT_TARGET = 10.0;
				LD_RUNPATH_SEARCH_PATHS = (
					"$(inherited)",
					"@executable_path/Frameworks",
				);
				PRODUCT_BUNDLE_IDENTIFIER = com.dev.quanpv.ChatSystem;
				PRODUCT_NAME = "$(TARGET_NAME)";
				SWIFT_VERSION = 4.2;
				TARGETED_DEVICE_FAMILY = "1,2";
			};
			name = Release;
		};
		4CD56A07224A061A0060EB36 /* Debug */ = {
			isa = XCBuildConfiguration;
			buildSettings = {
				ASSETCATALOG_COMPILER_APPICON_NAME = AppIcon;
				CODE_SIGN_STYLE = Automatic;
				INFOPLIST_FILE = "$(SRCROOT)/ChatSystem/Supporting Files/Info_PROD.plist";
				IPHONEOS_DEPLOYMENT_TARGET = 10.0;
				LD_RUNPATH_SEARCH_PATHS = (
					"$(inherited)",
					"@executable_path/Frameworks",
				);
				PRODUCT_BUNDLE_IDENTIFIER = com.dev.quanpv.ChatSystem;
				PRODUCT_NAME = "$(TARGET_NAME)";
				SWIFT_VERSION = 4.2;
				TARGETED_DEVICE_FAMILY = "1,2";
			};
			name = Debug;
		};
		4CD56A08224A061A0060EB36 /* Release */ = {
			isa = XCBuildConfiguration;
			buildSettings = {
				ASSETCATALOG_COMPILER_APPICON_NAME = AppIcon;
				CODE_SIGN_STYLE = Automatic;
				INFOPLIST_FILE = "$(SRCROOT)/ChatSystem/Supporting Files/Info_PROD.plist";
				IPHONEOS_DEPLOYMENT_TARGET = 10.0;
				LD_RUNPATH_SEARCH_PATHS = (
					"$(inherited)",
					"@executable_path/Frameworks",
				);
				PRODUCT_BUNDLE_IDENTIFIER = com.dev.quanpv.ChatSystem;
				PRODUCT_NAME = "$(TARGET_NAME)";
				SWIFT_VERSION = 4.2;
				TARGETED_DEVICE_FAMILY = "1,2";
			};
			name = Release;
		};
		5BE079762249C48700116A00 /* Debug */ = {
			isa = XCBuildConfiguration;
			buildSettings = {
				ALWAYS_SEARCH_USER_PATHS = NO;
				CLANG_ANALYZER_NONNULL = YES;
				CLANG_ANALYZER_NUMBER_OBJECT_CONVERSION = YES_AGGRESSIVE;
				CLANG_CXX_LANGUAGE_STANDARD = "gnu++14";
				CLANG_CXX_LIBRARY = "libc++";
				CLANG_ENABLE_MODULES = YES;
				CLANG_ENABLE_OBJC_ARC = YES;
				CLANG_ENABLE_OBJC_WEAK = YES;
				CLANG_WARN_BLOCK_CAPTURE_AUTORELEASING = YES;
				CLANG_WARN_BOOL_CONVERSION = YES;
				CLANG_WARN_COMMA = YES;
				CLANG_WARN_CONSTANT_CONVERSION = YES;
				CLANG_WARN_DEPRECATED_OBJC_IMPLEMENTATIONS = YES;
				CLANG_WARN_DIRECT_OBJC_ISA_USAGE = YES_ERROR;
				CLANG_WARN_DOCUMENTATION_COMMENTS = YES;
				CLANG_WARN_EMPTY_BODY = YES;
				CLANG_WARN_ENUM_CONVERSION = YES;
				CLANG_WARN_INFINITE_RECURSION = YES;
				CLANG_WARN_INT_CONVERSION = YES;
				CLANG_WARN_NON_LITERAL_NULL_CONVERSION = YES;
				CLANG_WARN_OBJC_IMPLICIT_RETAIN_SELF = YES;
				CLANG_WARN_OBJC_LITERAL_CONVERSION = YES;
				CLANG_WARN_OBJC_ROOT_CLASS = YES_ERROR;
				CLANG_WARN_RANGE_LOOP_ANALYSIS = YES;
				CLANG_WARN_STRICT_PROTOTYPES = YES;
				CLANG_WARN_SUSPICIOUS_MOVE = YES;
				CLANG_WARN_UNGUARDED_AVAILABILITY = YES_AGGRESSIVE;
				CLANG_WARN_UNREACHABLE_CODE = YES;
				CLANG_WARN__DUPLICATE_METHOD_MATCH = YES;
				CODE_SIGN_IDENTITY = "iPhone Developer";
				COPY_PHASE_STRIP = NO;
				DEBUG_INFORMATION_FORMAT = dwarf;
				ENABLE_STRICT_OBJC_MSGSEND = YES;
				ENABLE_TESTABILITY = YES;
				GCC_C_LANGUAGE_STANDARD = gnu11;
				GCC_DYNAMIC_NO_PIC = NO;
				GCC_NO_COMMON_BLOCKS = YES;
				GCC_OPTIMIZATION_LEVEL = 0;
				GCC_PREPROCESSOR_DEFINITIONS = (
					"DEBUG=1",
					"$(inherited)",
				);
				GCC_WARN_64_TO_32_BIT_CONVERSION = YES;
				GCC_WARN_ABOUT_RETURN_TYPE = YES_ERROR;
				GCC_WARN_UNDECLARED_SELECTOR = YES;
				GCC_WARN_UNINITIALIZED_AUTOS = YES_AGGRESSIVE;
				GCC_WARN_UNUSED_FUNCTION = YES;
				GCC_WARN_UNUSED_VARIABLE = YES;
				IPHONEOS_DEPLOYMENT_TARGET = 12.1;
				MTL_ENABLE_DEBUG_INFO = INCLUDE_SOURCE;
				MTL_FAST_MATH = YES;
				ONLY_ACTIVE_ARCH = YES;
				SDKROOT = iphoneos;
				SWIFT_ACTIVE_COMPILATION_CONDITIONS = DEBUG;
				SWIFT_OPTIMIZATION_LEVEL = "-Onone";
			};
			name = Debug;
		};
		5BE079772249C48700116A00 /* Release */ = {
			isa = XCBuildConfiguration;
			buildSettings = {
				ALWAYS_SEARCH_USER_PATHS = NO;
				CLANG_ANALYZER_NONNULL = YES;
				CLANG_ANALYZER_NUMBER_OBJECT_CONVERSION = YES_AGGRESSIVE;
				CLANG_CXX_LANGUAGE_STANDARD = "gnu++14";
				CLANG_CXX_LIBRARY = "libc++";
				CLANG_ENABLE_MODULES = YES;
				CLANG_ENABLE_OBJC_ARC = YES;
				CLANG_ENABLE_OBJC_WEAK = YES;
				CLANG_WARN_BLOCK_CAPTURE_AUTORELEASING = YES;
				CLANG_WARN_BOOL_CONVERSION = YES;
				CLANG_WARN_COMMA = YES;
				CLANG_WARN_CONSTANT_CONVERSION = YES;
				CLANG_WARN_DEPRECATED_OBJC_IMPLEMENTATIONS = YES;
				CLANG_WARN_DIRECT_OBJC_ISA_USAGE = YES_ERROR;
				CLANG_WARN_DOCUMENTATION_COMMENTS = YES;
				CLANG_WARN_EMPTY_BODY = YES;
				CLANG_WARN_ENUM_CONVERSION = YES;
				CLANG_WARN_INFINITE_RECURSION = YES;
				CLANG_WARN_INT_CONVERSION = YES;
				CLANG_WARN_NON_LITERAL_NULL_CONVERSION = YES;
				CLANG_WARN_OBJC_IMPLICIT_RETAIN_SELF = YES;
				CLANG_WARN_OBJC_LITERAL_CONVERSION = YES;
				CLANG_WARN_OBJC_ROOT_CLASS = YES_ERROR;
				CLANG_WARN_RANGE_LOOP_ANALYSIS = YES;
				CLANG_WARN_STRICT_PROTOTYPES = YES;
				CLANG_WARN_SUSPICIOUS_MOVE = YES;
				CLANG_WARN_UNGUARDED_AVAILABILITY = YES_AGGRESSIVE;
				CLANG_WARN_UNREACHABLE_CODE = YES;
				CLANG_WARN__DUPLICATE_METHOD_MATCH = YES;
				CODE_SIGN_IDENTITY = "iPhone Developer";
				COPY_PHASE_STRIP = NO;
				DEBUG_INFORMATION_FORMAT = "dwarf-with-dsym";
				ENABLE_NS_ASSERTIONS = NO;
				ENABLE_STRICT_OBJC_MSGSEND = YES;
				GCC_C_LANGUAGE_STANDARD = gnu11;
				GCC_NO_COMMON_BLOCKS = YES;
				GCC_WARN_64_TO_32_BIT_CONVERSION = YES;
				GCC_WARN_ABOUT_RETURN_TYPE = YES_ERROR;
				GCC_WARN_UNDECLARED_SELECTOR = YES;
				GCC_WARN_UNINITIALIZED_AUTOS = YES_AGGRESSIVE;
				GCC_WARN_UNUSED_FUNCTION = YES;
				GCC_WARN_UNUSED_VARIABLE = YES;
				IPHONEOS_DEPLOYMENT_TARGET = 12.1;
				MTL_ENABLE_DEBUG_INFO = NO;
				MTL_FAST_MATH = YES;
				SDKROOT = iphoneos;
				SWIFT_COMPILATION_MODE = wholemodule;
				SWIFT_OPTIMIZATION_LEVEL = "-O";
				VALIDATE_PRODUCT = YES;
			};
			name = Release;
		};
		5BE079792249C48700116A00 /* Debug */ = {
			isa = XCBuildConfiguration;
			buildSettings = {
				ASSETCATALOG_COMPILER_APPICON_NAME = AppIcon;
				CODE_SIGN_STYLE = Automatic;
				INFOPLIST_FILE = "$(SRCROOT)/ChatSystem/Supporting Files/Info_DEV.plist";
				IPHONEOS_DEPLOYMENT_TARGET = 10.0;
				LD_RUNPATH_SEARCH_PATHS = (
					"$(inherited)",
					"@executable_path/Frameworks",
				);
				PRODUCT_BUNDLE_IDENTIFIER = com.dev.quanpv.ChatSystem;
				PRODUCT_NAME = "$(TARGET_NAME)";
				SWIFT_VERSION = 4.2;
				TARGETED_DEVICE_FAMILY = "1,2";
			};
			name = Debug;
		};
		5BE0797A2249C48700116A00 /* Release */ = {
			isa = XCBuildConfiguration;
			buildSettings = {
				ASSETCATALOG_COMPILER_APPICON_NAME = AppIcon;
				CODE_SIGN_STYLE = Automatic;
				INFOPLIST_FILE = "$(SRCROOT)/ChatSystem/Supporting Files/Info_DEV.plist";
				IPHONEOS_DEPLOYMENT_TARGET = 10.0;
				LD_RUNPATH_SEARCH_PATHS = (
					"$(inherited)",
					"@executable_path/Frameworks",
				);
				PRODUCT_BUNDLE_IDENTIFIER = com.dev.quanpv.ChatSystem;
				PRODUCT_NAME = "$(TARGET_NAME)";
				SWIFT_VERSION = 4.2;
				TARGETED_DEVICE_FAMILY = "1,2";
			};
			name = Release;
		};
		5BE0797C2249C48700116A00 /* Debug */ = {
			isa = XCBuildConfiguration;
			buildSettings = {
				ALWAYS_EMBED_SWIFT_STANDARD_LIBRARIES = YES;
				BUNDLE_LOADER = "$(TEST_HOST)";
				CODE_SIGN_STYLE = Automatic;
				INFOPLIST_FILE = ChatSystemTests/Info.plist;
				LD_RUNPATH_SEARCH_PATHS = (
					"$(inherited)",
					"@executable_path/Frameworks",
					"@loader_path/Frameworks",
				);
				PRODUCT_BUNDLE_IDENTIFIER = com.dev.quanpv.ChatSystemTests;
				PRODUCT_NAME = "$(TARGET_NAME)";
				SWIFT_VERSION = 4.2;
				TARGETED_DEVICE_FAMILY = "1,2";
				TEST_HOST = "$(BUILT_PRODUCTS_DIR)/ChatSystem.app/ChatSystem";
			};
			name = Debug;
		};
		5BE0797D2249C48700116A00 /* Release */ = {
			isa = XCBuildConfiguration;
			buildSettings = {
				ALWAYS_EMBED_SWIFT_STANDARD_LIBRARIES = YES;
				BUNDLE_LOADER = "$(TEST_HOST)";
				CODE_SIGN_STYLE = Automatic;
				INFOPLIST_FILE = ChatSystemTests/Info.plist;
				LD_RUNPATH_SEARCH_PATHS = (
					"$(inherited)",
					"@executable_path/Frameworks",
					"@loader_path/Frameworks",
				);
				PRODUCT_BUNDLE_IDENTIFIER = com.dev.quanpv.ChatSystemTests;
				PRODUCT_NAME = "$(TARGET_NAME)";
				SWIFT_VERSION = 4.2;
				TARGETED_DEVICE_FAMILY = "1,2";
				TEST_HOST = "$(BUILT_PRODUCTS_DIR)/ChatSystem.app/ChatSystem";
			};
			name = Release;
		};
		5BE0797F2249C48700116A00 /* Debug */ = {
			isa = XCBuildConfiguration;
			buildSettings = {
				ALWAYS_EMBED_SWIFT_STANDARD_LIBRARIES = YES;
				CODE_SIGN_STYLE = Automatic;
				INFOPLIST_FILE = ChatSystemUITests/Info.plist;
				LD_RUNPATH_SEARCH_PATHS = (
					"$(inherited)",
					"@executable_path/Frameworks",
					"@loader_path/Frameworks",
				);
				PRODUCT_BUNDLE_IDENTIFIER = com.dev.quanpv.ChatSystemUITests;
				PRODUCT_NAME = "$(TARGET_NAME)";
				SWIFT_VERSION = 4.2;
				TARGETED_DEVICE_FAMILY = "1,2";
				TEST_TARGET_NAME = ChatSystem;
			};
			name = Debug;
		};
		5BE079802249C48700116A00 /* Release */ = {
			isa = XCBuildConfiguration;
			buildSettings = {
				ALWAYS_EMBED_SWIFT_STANDARD_LIBRARIES = YES;
				CODE_SIGN_STYLE = Automatic;
				INFOPLIST_FILE = ChatSystemUITests/Info.plist;
				LD_RUNPATH_SEARCH_PATHS = (
					"$(inherited)",
					"@executable_path/Frameworks",
					"@loader_path/Frameworks",
				);
				PRODUCT_BUNDLE_IDENTIFIER = com.dev.quanpv.ChatSystemUITests;
				PRODUCT_NAME = "$(TARGET_NAME)";
				SWIFT_VERSION = 4.2;
				TARGETED_DEVICE_FAMILY = "1,2";
				TEST_TARGET_NAME = ChatSystem;
			};
			name = Release;
		};
/* End XCBuildConfiguration section */

/* Begin XCConfigurationList section */
		4CD569C4224A06130060EB36 /* Build configuration list for PBXNativeTarget "ChatSystem UAT VN" */ = {
			isa = XCConfigurationList;
			buildConfigurations = (
				4CD569C5224A06130060EB36 /* Debug */,
				4CD569C6224A06130060EB36 /* Release */,
			);
			defaultConfigurationIsVisible = 0;
			defaultConfigurationName = Release;
		};
		4CD569E5224A06170060EB36 /* Build configuration list for PBXNativeTarget "ChatSystem UAT JP" */ = {
			isa = XCConfigurationList;
			buildConfigurations = (
				4CD569E6224A06170060EB36 /* Debug */,
				4CD569E7224A06170060EB36 /* Release */,
			);
			defaultConfigurationIsVisible = 0;
			defaultConfigurationName = Release;
		};
		4CD56A06224A061A0060EB36 /* Build configuration list for PBXNativeTarget "ChatSystem PROD" */ = {
			isa = XCConfigurationList;
			buildConfigurations = (
				4CD56A07224A061A0060EB36 /* Debug */,
				4CD56A08224A061A0060EB36 /* Release */,
			);
			defaultConfigurationIsVisible = 0;
			defaultConfigurationName = Release;
		};
		5BE079482249C48500116A00 /* Build configuration list for PBXProject "ChatSystem" */ = {
			isa = XCConfigurationList;
			buildConfigurations = (
				5BE079762249C48700116A00 /* Debug */,
				5BE079772249C48700116A00 /* Release */,
			);
			defaultConfigurationIsVisible = 0;
			defaultConfigurationName = Release;
		};
		5BE079782249C48700116A00 /* Build configuration list for PBXNativeTarget "ChatSystem DEV" */ = {
			isa = XCConfigurationList;
			buildConfigurations = (
				5BE079792249C48700116A00 /* Debug */,
				5BE0797A2249C48700116A00 /* Release */,
			);
			defaultConfigurationIsVisible = 0;
			defaultConfigurationName = Release;
		};
		5BE0797B2249C48700116A00 /* Build configuration list for PBXNativeTarget "ChatSystemTests" */ = {
			isa = XCConfigurationList;
			buildConfigurations = (
				5BE0797C2249C48700116A00 /* Debug */,
				5BE0797D2249C48700116A00 /* Release */,
			);
			defaultConfigurationIsVisible = 0;
			defaultConfigurationName = Release;
		};
		5BE0797E2249C48700116A00 /* Build configuration list for PBXNativeTarget "ChatSystemUITests" */ = {
			isa = XCConfigurationList;
			buildConfigurations = (
				5BE0797F2249C48700116A00 /* Debug */,
				5BE079802249C48700116A00 /* Release */,
			);
			defaultConfigurationIsVisible = 0;
			defaultConfigurationName = Release;
		};
/* End XCConfigurationList section */

/* Begin XCVersionGroup section */
		5BE079572249C48500116A00 /* ChatSystem.xcdatamodeld */ = {
			isa = XCVersionGroup;
			children = (
				5BE079582249C48500116A00 /* ChatSystem.xcdatamodel */,
			);
			currentVersion = 5BE079582249C48500116A00 /* ChatSystem.xcdatamodel */;
			path = ChatSystem.xcdatamodeld;
			sourceTree = "<group>";
			versionGroupType = wrapper.xcdatamodel;
		};
/* End XCVersionGroup section */
	};
	rootObject = 5BE079452249C48500116A00 /* Project object */;
}
